
Microsoft Visual Studio Solution File, Format Version 12.00
# Visual Studio Version 17
VisualStudioVersion = 17.3.32804.467
MinimumVisualStudioVersion = 10.0.40219.1
Project("{FAE04EC0-301F-11D3-BF4B-00C04F79EFBC}") = "MVC_Demo1", "MVC_Demo1\MVC_Demo1.csproj", "{CC88C5FC-0926-4A72-9409-4C365538A2B5}"
EndProject
Global
	GlobalSection(SolutionConfigurationPlatforms) = preSolution
		Debug|Any CPU = Debug|Any CPU
		Release|Any CPU = Release|Any CPU
	EndGlobalSection
	GlobalSection(ProjectConfigurationPlatforms) = postSolution
		{CC88C5FC-0926-4A72-9409-4C365538A2B5}.Debug|Any CPU.ActiveCfg = Debug|Any CPU
		{CC88C5FC-0926-4A72-9409-4C365538A2B5}.Debug|Any CPU.Build.0 = Debug|Any CPU
		{CC88C5FC-0926-4A72-9409-4C365538A2B5}.Release|Any CPU.ActiveCfg = Release|Any CPU
		{CC88C5FC-0926-4A72-9409-4C365538A2B5}.Release|Any CPU.Build.0 = Release|Any CPU
	EndGlobalSection
	GlobalSection(SolutionProperties) = preSolution
		HideSolutionNode = FALSE
	EndGlobalSection
	GlobalSection(ExtensibilityGlobals) = postSolution
		SolutionGuid = {36399F81-05EF-4F95-8E1D-AFB24E56FBF4}
	EndGlobalSection
EndGlobal
